
Microsoft Visual Studio Solution File, Format Version 12.00
# Visual Studio Version 17
VisualStudioVersion = 17.4.33205.214
MinimumVisualStudioVersion = 10.0.40219.1
Project("{9A19103F-16F7-4668-BE54-9A1E7A4F7556}") = "ProjetoFinalCaroline", "ProjetoFinalCaroline.csproj", "{F9A91D9F-9AC7-4573-9F58-D3A02A44C5BE}"
EndProject
Global
	GlobalSection(SolutionConfigurationPlatforms) = preSolution
		Debug|Any CPU = Debug|Any CPU
		Release|Any CPU = Release|Any CPU
	EndGlobalSection
	GlobalSection(ProjectConfigurationPlatforms) = postSolution
		{F9A91D9F-9AC7-4573-9F58-D3A02A44C5BE}.Debug|Any CPU.ActiveCfg = Debug|Any CPU
		{F9A91D9F-9AC7-4573-9F58-D3A02A44C5BE}.Debug|Any CPU.Build.0 = Debug|Any CPU
		{F9A91D9F-9AC7-4573-9F58-D3A02A44C5BE}.Release|Any CPU.ActiveCfg = Release|Any CPU
		{F9A91D9F-9AC7-4573-9F58-D3A02A44C5BE}.Release|Any CPU.Build.0 = Release|Any CPU
	EndGlobalSection
	GlobalSection(SolutionProperties) = preSolution
		HideSolutionNode = FALSE
	EndGlobalSection
	GlobalSection(ExtensibilityGlobals) = postSolution
		SolutionGuid = {1C3E0C83-9F51-4F43-B655-03445129EDE7}
	EndGlobalSection
EndGlobal
